
Microsoft Visual Studio Solution File, Format Version 12.00
# Visual Studio Version 17
VisualStudioVersion = 17.3.32929.385
MinimumVisualStudioVersion = 10.0.40219.1
Project("{FAE04EC0-301F-11D3-BF4B-00C04F79EFBC}") = "Projeto_teste", "Projeto_teste\Projeto_teste.csproj", "{ED9302FB-F3DC-493E-800A-D0D0946C6FED}"
EndProject
Project("{FAE04EC0-301F-11D3-BF4B-00C04F79EFBC}") = "TesteMSteste", "TesteMSteste\TesteMSteste.csproj", "{BE35BD5C-6A0F-4966-A989-1BBDC0596FE4}"
EndProject
Project("{FAE04EC0-301F-11D3-BF4B-00C04F79EFBC}") = "TestXUnit", "TestXUnit\TestXUnit.csproj", "{DD6188AE-3CF7-4032-AFD4-5EC23AB8CB9E}"
EndProject
Global
	GlobalSection(SolutionConfigurationPlatforms) = preSolution
		Debug|Any CPU = Debug|Any CPU
		Release|Any CPU = Release|Any CPU
	EndGlobalSection
	GlobalSection(ProjectConfigurationPlatforms) = postSolution
		{ED9302FB-F3DC-493E-800A-D0D0946C6FED}.Debug|Any CPU.ActiveCfg = Debug|Any CPU
		{ED9302FB-F3DC-493E-800A-D0D0946C6FED}.Debug|Any CPU.Build.0 = Debug|Any CPU
		{ED9302FB-F3DC-493E-800A-D0D0946C6FED}.Release|Any CPU.ActiveCfg = Release|Any CPU
		{ED9302FB-F3DC-493E-800A-D0D0946C6FED}.Release|Any CPU.Build.0 = Release|Any CPU
		{BE35BD5C-6A0F-4966-A989-1BBDC0596FE4}.Debug|Any CPU.ActiveCfg = Debug|Any CPU
		{BE35BD5C-6A0F-4966-A989-1BBDC0596FE4}.Debug|Any CPU.Build.0 = Debug|Any CPU
		{BE35BD5C-6A0F-4966-A989-1BBDC0596FE4}.Release|Any CPU.ActiveCfg = Release|Any CPU
		{BE35BD5C-6A0F-4966-A989-1BBDC0596FE4}.Release|Any CPU.Build.0 = Release|Any CPU
		{DD6188AE-3CF7-4032-AFD4-5EC23AB8CB9E}.Debug|Any CPU.ActiveCfg = Debug|Any CPU
		{DD6188AE-3CF7-4032-AFD4-5EC23AB8CB9E}.Debug|Any CPU.Build.0 = Debug|Any CPU
		{DD6188AE-3CF7-4032-AFD4-5EC23AB8CB9E}.Release|Any CPU.ActiveCfg = Release|Any CPU
		{DD6188AE-3CF7-4032-AFD4-5EC23AB8CB9E}.Release|Any CPU.Build.0 = Release|Any CPU
	EndGlobalSection
	GlobalSection(SolutionProperties) = preSolution
		HideSolutionNode = FALSE
	EndGlobalSection
	GlobalSection(ExtensibilityGlobals) = postSolution
		SolutionGuid = {16A64615-B7FF-4372-9105-9A0BA2500E96}
	EndGlobalSection
EndGlobal
